# This file is automatically @generated by Cargo.
# It is not intended for manual editing.
version = 4

[[package]]
name = "is_palindrome"
version = "0.1.0"

[[package]]
name = "merged_sorted_array"
version = "0.1.0"

[[package]]
name = "remove_duplicates"
version = "0.1.0"

[[package]]
name = "remove_duplicates_2"
version = "0.1.0"

[[package]]
name = "remove_element"
version = "0.1.0"
