# This file is automatically @generated by Cargo.
# It is not intended for manual editing.
version = 4

[[package]]
name = "container_with_most_water"
version = "0.1.0"

[[package]]
name = "is_palindrome"
version = "0.1.0"

[[package]]
name = "is_subsequence"
version = "0.1.0"

[[package]]
name = "longest_substring_without_repeating_characters"
version = "0.1.0"

[[package]]
name = "merged_sorted_array"
version = "0.1.0"

[[package]]
name = "minimum_size_subarray_sum"
version = "0.1.0"

[[package]]
name = "remove_duplicates"
version = "0.1.0"

[[package]]
name = "remove_duplicates_2"
version = "0.1.0"

[[package]]
name = "remove_element"
version = "0.1.0"

[[package]]
name = "spiral_matrix"
version = "0.1.0"

[[package]]
name = "two_sum_2"
version = "0.1.0"

[[package]]
name = "valid_sudoku"
version = "0.1.0"
